
Microsoft Visual Studio Solution File, Format Version 12.00
# Visual Studio 2013
VisualStudioVersion = 12.0.30501.0
MinimumVisualStudioVersion = 10.0.40219.1
Project("{FAE04EC0-301F-11D3-BF4B-00C04F79EFBC}") = "Converter", "Converter\Converter.csproj", "{59454658-E6AA-4DFB-9A3A-DE4BB1A0BB99}"
EndProject
Project("{FAE04EC0-301F-11D3-BF4B-00C04F79EFBC}") = "testConvert", "testConvert\testConvert.csproj", "{E50C2EF9-8DE6-4940-B190-F5CD69FDEF60}"
EndProject
Project("{FAE04EC0-301F-11D3-BF4B-00C04F79EFBC}") = "NumberConverter", "NumberConverter\NumberConverter.csproj", "{E7DEDB17-7926-40AB-A3C9-CBF0CE000354}"
EndProject
Project("{FAE04EC0-301F-11D3-BF4B-00C04F79EFBC}") = "NumberConverterP", "NumberConverterP\NumberConverterP.csproj", "{8CC4384B-5FB2-45CC-AAE2-5D4228D225D6}"
EndProject
Project("{2150E333-8FDC-42A3-9474-1A3956D46DE8}") = "NumberConverter", "NumberConverter", "{2E1A619F-1919-460D-AE51-1A0403D4528E}"
EndProject
Project("{D954291E-2A0B-460D-934E-DC6B0785DB48}") = "NumberConverter.Shared", "NumberConverter.Shared\NumberConverter.Shared.shproj", "{348B4B83-FEF9-49A3-83B5-82687DCE1C95}"
EndProject
Project("{FAE04EC0-301F-11D3-BF4B-00C04F79EFBC}") = "NumberConverter.WindowsPhone", "NumberConverter.WindowsPhone\NumberConverter.WindowsPhone.csproj", "{FFB83E8D-D939-4B2C-82BD-5F7E29959261}"
EndProject
Global
	GlobalSection(SharedMSBuildProjectFiles) = preSolution
		NumberConverter.Shared\NumberConverter.Shared.projitems*{348b4b83-fef9-49a3-83b5-82687dce1c95}*SharedItemsImports = 13
		NumberConverter.Shared\NumberConverter.Shared.projitems*{e7dedb17-7926-40ab-a3c9-cbf0ce000354}*SharedItemsImports = 4
		NumberConverter.Shared\NumberConverter.Shared.projitems*{ffb83e8d-d939-4b2c-82bd-5f7e29959261}*SharedItemsImports = 4
	EndGlobalSection
	GlobalSection(SolutionConfigurationPlatforms) = preSolution
		Debug|Any CPU = Debug|Any CPU
		Debug|ARM = Debug|ARM
		Debug|x64 = Debug|x64
		Debug|x86 = Debug|x86
		Release|Any CPU = Release|Any CPU
		Release|ARM = Release|ARM
		Release|x64 = Release|x64
		Release|x86 = Release|x86
	EndGlobalSection
	GlobalSection(ProjectConfigurationPlatforms) = postSolution
		{59454658-E6AA-4DFB-9A3A-DE4BB1A0BB99}.Debug|Any CPU.ActiveCfg = Debug|Any CPU
		{59454658-E6AA-4DFB-9A3A-DE4BB1A0BB99}.Debug|Any CPU.Build.0 = Debug|Any CPU
		{59454658-E6AA-4DFB-9A3A-DE4BB1A0BB99}.Debug|ARM.ActiveCfg = Debug|Any CPU
		{59454658-E6AA-4DFB-9A3A-DE4BB1A0BB99}.Debug|x64.ActiveCfg = Debug|Any CPU
		{59454658-E6AA-4DFB-9A3A-DE4BB1A0BB99}.Debug|x86.ActiveCfg = Debug|Any CPU
		{59454658-E6AA-4DFB-9A3A-DE4BB1A0BB99}.Release|Any CPU.ActiveCfg = Release|Any CPU
		{59454658-E6AA-4DFB-9A3A-DE4BB1A0BB99}.Release|Any CPU.Build.0 = Release|Any CPU
		{59454658-E6AA-4DFB-9A3A-DE4BB1A0BB99}.Release|ARM.ActiveCfg = Release|Any CPU
		{59454658-E6AA-4DFB-9A3A-DE4BB1A0BB99}.Release|x64.ActiveCfg = Release|Any CPU
		{59454658-E6AA-4DFB-9A3A-DE4BB1A0BB99}.Release|x86.ActiveCfg = Release|Any CPU
		{E50C2EF9-8DE6-4940-B190-F5CD69FDEF60}.Debug|Any CPU.ActiveCfg = Debug|Any CPU
		{E50C2EF9-8DE6-4940-B190-F5CD69FDEF60}.Debug|Any CPU.Build.0 = Debug|Any CPU
		{E50C2EF9-8DE6-4940-B190-F5CD69FDEF60}.Debug|ARM.ActiveCfg = Debug|Any CPU
		{E50C2EF9-8DE6-4940-B190-F5CD69FDEF60}.Debug|x64.ActiveCfg = Debug|Any CPU
		{E50C2EF9-8DE6-4940-B190-F5CD69FDEF60}.Debug|x86.ActiveCfg = Debug|Any CPU
		{E50C2EF9-8DE6-4940-B190-F5CD69FDEF60}.Release|Any CPU.ActiveCfg = Release|Any CPU
		{E50C2EF9-8DE6-4940-B190-F5CD69FDEF60}.Release|Any CPU.Build.0 = Release|Any CPU
		{E50C2EF9-8DE6-4940-B190-F5CD69FDEF60}.Release|ARM.ActiveCfg = Release|Any CPU
		{E50C2EF9-8DE6-4940-B190-F5CD69FDEF60}.Release|x64.ActiveCfg = Release|Any CPU
		{E50C2EF9-8DE6-4940-B190-F5CD69FDEF60}.Release|x86.ActiveCfg = Release|Any CPU
		{E7DEDB17-7926-40AB-A3C9-CBF0CE000354}.Debug|Any CPU.ActiveCfg = Debug|Any CPU
		{E7DEDB17-7926-40AB-A3C9-CBF0CE000354}.Debug|Any CPU.Build.0 = Debug|Any CPU
		{E7DEDB17-7926-40AB-A3C9-CBF0CE000354}.Debug|Any CPU.Deploy.0 = Debug|Any CPU
		{E7DEDB17-7926-40AB-A3C9-CBF0CE000354}.Debug|ARM.ActiveCfg = Debug|ARM
		{E7DEDB17-7926-40AB-A3C9-CBF0CE000354}.Debug|ARM.Build.0 = Debug|ARM
		{E7DEDB17-7926-40AB-A3C9-CBF0CE000354}.Debug|ARM.Deploy.0 = Debug|ARM
		{E7DEDB17-7926-40AB-A3C9-CBF0CE000354}.Debug|x64.ActiveCfg = Debug|x64
		{E7DEDB17-7926-40AB-A3C9-CBF0CE000354}.Debug|x64.Build.0 = Debug|x64
		{E7DEDB17-7926-40AB-A3C9-CBF0CE000354}.Debug|x64.Deploy.0 = Debug|x64
		{E7DEDB17-7926-40AB-A3C9-CBF0CE000354}.Debug|x86.ActiveCfg = Debug|x86
		{E7DEDB17-7926-40AB-A3C9-CBF0CE000354}.Debug|x86.Build.0 = Debug|x86
		{E7DEDB17-7926-40AB-A3C9-CBF0CE000354}.Debug|x86.Deploy.0 = Debug|x86
		{E7DEDB17-7926-40AB-A3C9-CBF0CE000354}.Release|Any CPU.ActiveCfg = Release|Any CPU
		{E7DEDB17-7926-40AB-A3C9-CBF0CE000354}.Release|Any CPU.Build.0 = Release|Any CPU
		{E7DEDB17-7926-40AB-A3C9-CBF0CE000354}.Release|Any CPU.Deploy.0 = Release|Any CPU
		{E7DEDB17-7926-40AB-A3C9-CBF0CE000354}.Release|ARM.ActiveCfg = Release|ARM
		{E7DEDB17-7926-40AB-A3C9-CBF0CE000354}.Release|ARM.Build.0 = Release|ARM
		{E7DEDB17-7926-40AB-A3C9-CBF0CE000354}.Release|ARM.Deploy.0 = Release|ARM
		{E7DEDB17-7926-40AB-A3C9-CBF0CE000354}.Release|x64.ActiveCfg = Release|x64
		{E7DEDB17-7926-40AB-A3C9-CBF0CE000354}.Release|x64.Build.0 = Release|x64
		{E7DEDB17-7926-40AB-A3C9-CBF0CE000354}.Release|x64.Deploy.0 = Release|x64
		{E7DEDB17-7926-40AB-A3C9-CBF0CE000354}.Release|x86.ActiveCfg = Release|x86
		{E7DEDB17-7926-40AB-A3C9-CBF0CE000354}.Release|x86.Build.0 = Release|x86
		{E7DEDB17-7926-40AB-A3C9-CBF0CE000354}.Release|x86.Deploy.0 = Release|x86
		{8CC4384B-5FB2-45CC-AAE2-5D4228D225D6}.Debug|Any CPU.ActiveCfg = Debug|Any CPU
		{8CC4384B-5FB2-45CC-AAE2-5D4228D225D6}.Debug|Any CPU.Build.0 = Debug|Any CPU
		{8CC4384B-5FB2-45CC-AAE2-5D4228D225D6}.Debug|Any CPU.Deploy.0 = Debug|Any CPU
		{8CC4384B-5FB2-45CC-AAE2-5D4228D225D6}.Debug|ARM.ActiveCfg = Debug|ARM
		{8CC4384B-5FB2-45CC-AAE2-5D4228D225D6}.Debug|ARM.Build.0 = Debug|ARM
		{8CC4384B-5FB2-45CC-AAE2-5D4228D225D6}.Debug|ARM.Deploy.0 = Debug|ARM
		{8CC4384B-5FB2-45CC-AAE2-5D4228D225D6}.Debug|x64.ActiveCfg = Debug|Any CPU
		{8CC4384B-5FB2-45CC-AAE2-5D4228D225D6}.Debug|x86.ActiveCfg = Debug|x86
		{8CC4384B-5FB2-45CC-AAE2-5D4228D225D6}.Debug|x86.Build.0 = Debug|x86
		{8CC4384B-5FB2-45CC-AAE2-5D4228D225D6}.Debug|x86.Deploy.0 = Debug|x86
		{8CC4384B-5FB2-45CC-AAE2-5D4228D225D6}.Release|Any CPU.ActiveCfg = Release|Any CPU
		{8CC4384B-5FB2-45CC-AAE2-5D4228D225D6}.Release|Any CPU.Build.0 = Release|Any CPU
		{8CC4384B-5FB2-45CC-AAE2-5D4228D225D6}.Release|Any CPU.Deploy.0 = Release|Any CPU
		{8CC4384B-5FB2-45CC-AAE2-5D4228D225D6}.Release|ARM.ActiveCfg = Release|ARM
		{8CC4384B-5FB2-45CC-AAE2-5D4228D225D6}.Release|ARM.Build.0 = Release|ARM
		{8CC4384B-5FB2-45CC-AAE2-5D4228D225D6}.Release|ARM.Deploy.0 = Release|ARM
		{8CC4384B-5FB2-45CC-AAE2-5D4228D225D6}.Release|x64.ActiveCfg = Release|Any CPU
		{8CC4384B-5FB2-45CC-AAE2-5D4228D225D6}.Release|x86.ActiveCfg = Release|x86
		{8CC4384B-5FB2-45CC-AAE2-5D4228D225D6}.Release|x86.Build.0 = Release|x86
		{8CC4384B-5FB2-45CC-AAE2-5D4228D225D6}.Release|x86.Deploy.0 = Release|x86
		{FFB83E8D-D939-4B2C-82BD-5F7E29959261}.Debug|Any CPU.ActiveCfg = Debug|Any CPU
		{FFB83E8D-D939-4B2C-82BD-5F7E29959261}.Debug|Any CPU.Build.0 = Debug|Any CPU
		{FFB83E8D-D939-4B2C-82BD-5F7E29959261}.Debug|Any CPU.Deploy.0 = Debug|Any CPU
		{FFB83E8D-D939-4B2C-82BD-5F7E29959261}.Debug|ARM.ActiveCfg = Debug|ARM
		{FFB83E8D-D939-4B2C-82BD-5F7E29959261}.Debug|ARM.Build.0 = Debug|ARM
		{FFB83E8D-D939-4B2C-82BD-5F7E29959261}.Debug|ARM.Deploy.0 = Debug|ARM
		{FFB83E8D-D939-4B2C-82BD-5F7E29959261}.Debug|x64.ActiveCfg = Debug|Any CPU
		{FFB83E8D-D939-4B2C-82BD-5F7E29959261}.Debug|x86.ActiveCfg = Debug|x86
		{FFB83E8D-D939-4B2C-82BD-5F7E29959261}.Debug|x86.Build.0 = Debug|x86
		{FFB83E8D-D939-4B2C-82BD-5F7E29959261}.Debug|x86.Deploy.0 = Debug|x86
		{FFB83E8D-D939-4B2C-82BD-5F7E29959261}.Release|Any CPU.ActiveCfg = Release|Any CPU
		{FFB83E8D-D939-4B2C-82BD-5F7E29959261}.Release|Any CPU.Build.0 = Release|Any CPU
		{FFB83E8D-D939-4B2C-82BD-5F7E29959261}.Release|Any CPU.Deploy.0 = Release|Any CPU
		{FFB83E8D-D939-4B2C-82BD-5F7E29959261}.Release|ARM.ActiveCfg = Release|ARM
		{FFB83E8D-D939-4B2C-82BD-5F7E29959261}.Release|ARM.Build.0 = Release|ARM
		{FFB83E8D-D939-4B2C-82BD-5F7E29959261}.Release|ARM.Deploy.0 = Release|ARM
		{FFB83E8D-D939-4B2C-82BD-5F7E29959261}.Release|x64.ActiveCfg = Release|Any CPU
		{FFB83E8D-D939-4B2C-82BD-5F7E29959261}.Release|x86.ActiveCfg = Release|x86
		{FFB83E8D-D939-4B2C-82BD-5F7E29959261}.Release|x86.Build.0 = Release|x86
		{FFB83E8D-D939-4B2C-82BD-5F7E29959261}.Release|x86.Deploy.0 = Release|x86
	EndGlobalSection
	GlobalSection(SolutionProperties) = preSolution
		HideSolutionNode = FALSE
	EndGlobalSection
	GlobalSection(NestedProjects) = preSolution
		{E7DEDB17-7926-40AB-A3C9-CBF0CE000354} = {2E1A619F-1919-460D-AE51-1A0403D4528E}
		{348B4B83-FEF9-49A3-83B5-82687DCE1C95} = {2E1A619F-1919-460D-AE51-1A0403D4528E}
		{FFB83E8D-D939-4B2C-82BD-5F7E29959261} = {2E1A619F-1919-460D-AE51-1A0403D4528E}
	EndGlobalSection
EndGlobal
